<?xml version="1.0" encoding="utf-8"?>
<Project ToolsVersion="4.0" xmlns="http://schemas.microsoft.com/developer/msbuild/2003">
  <ItemGroup>
    <Filter Include="Source Files">
      <UniqueIdentifier>{35859f97-f33c-43e3-9a36-951372e4435c}</UniqueIdentifier>
      <Extensions>cpp;c;cxx;rc;def;r;odl;idl;hpj;bat</Extensions>
    </Filter>
    <Filter Include="Header Files">
      <UniqueIdentifier>{e025020f-ccbd-4fee-b845-0a9eae809089}</UniqueIdentifier>
      <Extensions>h;hpp;hxx;hm;inl</Extensions>
    </Filter>
    <Filter Include="Resource Files">
      <UniqueIdentifier>{c88161f8-507d-4efa-8b6a-a22cddf47cf9}</UniqueIdentifier>
      <Extensions>ico;cur;bmp;dlg;rc2;rct;bin;rgs;gif;jpg;jpeg;jpe</Extensions>
    </Filter>
  </ItemGroup>
  <ItemGroup>
    <ClCompile Include="FOHyperLink.cpp">
      <Filter>Source Files</Filter>
    </ClCompile>
    <ClCompile Include="..\ExtSource\FOPGDIPlusHelper.cpp">
      <Filter>Source Files</Filter>
    </ClCompile>
    <ClCompile Include="..\ExtSource\FOPGDIPlusProxy.cpp">
      <Filter>Source Files</Filter>
    </ClCompile>
    <ClCompile Include="MainFrm.cpp">
      <Filter>Source Files</Filter>
    </ClCompile>
    <ClCompile Include="MapDemo.cpp">
      <Filter>Source Files</Filter>
    </ClCompile>
    <ClCompile Include="MapDemoDoc.cpp">
      <Filter>Source Files</Filter>
    </ClCompile>
    <ClCompile Include="MapDemoView.cpp">
      <Filter>Source Files</Filter>
    </ClCompile>
    <ClCompile Include="MyExtDataModel.cpp">
      <Filter>Source Files</Filter>
    </ClCompile>
    <ClCompile Include="SortListCtrl.cpp">
      <Filter>Source Files</Filter>
    </ClCompile>
    <ClCompile Include="StdAfx.cpp">
      <Filter>Source Files</Filter>
    </ClCompile>
    <ClCompile Include="TableBar.cpp">
      <Filter>Source Files</Filter>
    </ClCompile>
  </ItemGroup>
  <ItemGroup>
    <ResourceCompile Include="MapDemo.rc">
      <Filter>Source Files</Filter>
    </ResourceCompile>
  </ItemGroup>
  <ItemGroup>
    <ClInclude Include="FOHyperLink.h">
      <Filter>Header Files</Filter>
    </ClInclude>
    <ClInclude Include="..\..\FO\Include\GdiplusH.h">
      <Filter>Header Files</Filter>
    </ClInclude>
    <ClInclude Include="MainFrm.h">
      <Filter>Header Files</Filter>
    </ClInclude>
    <ClInclude Include="MapDemo.h">
      <Filter>Header Files</Filter>
    </ClInclude>
    <ClInclude Include="MapDemoDoc.h">
      <Filter>Header Files</Filter>
    </ClInclude>
    <ClInclude Include="MapDemoView.h">
      <Filter>Header Files</Filter>
    </ClInclude>
    <ClInclude Include="MyExtDataModel.h">
      <Filter>Header Files</Filter>
    </ClInclude>
    <ClInclude Include="Resource.h">
      <Filter>Header Files</Filter>
    </ClInclude>
    <ClInclude Include="SortListCtrl.h">
      <Filter>Header Files</Filter>
    </ClInclude>
    <ClInclude Include="StdAfx.h">
      <Filter>Header Files</Filter>
    </ClInclude>
    <ClInclude Include="TableBar.h">
      <Filter>Header Files</Filter>
    </ClInclude>
  </ItemGroup>
  <ItemGroup>
    <CustomBuild Include="res\imagelis.bmp">
      <Filter>Resource Files</Filter>
    </CustomBuild>
    <CustomBuild Include="res\MapDemo.ico">
      <Filter>Resource Files</Filter>
    </CustomBuild>
    <CustomBuild Include="res\MapDemo.rc2">
      <Filter>Resource Files</Filter>
    </CustomBuild>
    <CustomBuild Include="res\MapDemoDoc.ico">
      <Filter>Resource Files</Filter>
    </CustomBuild>
    <CustomBuild Include="res\mintitle.bmp">
      <Filter>Resource Files</Filter>
    </CustomBuild>
    <CustomBuild Include="res\Toolbar.bmp">
      <Filter>Resource Files</Filter>
    </CustomBuild>
    <CustomBuild Include="res\1m.sid" />
    <CustomBuild Include="res\2m.sid" />
    <CustomBuild Include="res\3m.sid" />
    <CustomBuild Include="res\4m.sid" />
    <CustomBuild Include="MapDemo.reg" />
    <CustomBuild Include="ReadMe.txt" />
  </ItemGroup>
</Project>